
Microsoft Visual Studio Solution File, Format Version 12.00
# Visual Studio Version 17
VisualStudioVersion = 17.0.31903.59
MinimumVisualStudioVersion = 10.0.40219.1
Project("{2150E333-8FDC-42A3-9474-1A3956D46DE8}") = "src", "src", "{A73EF2C2-F8A4-4340-9F34-89B2D6F3EFCA}"
EndProject
Project("{FAE04EC0-301F-11D3-BF4B-00C04F79EFBC}") = "ServerTCP.Console", "src\ServerTCP.Console\ServerTCP.Console.csproj", "{D5B45F8E-2792-4392-A0F7-9F1A0EB3F5D8}"
EndProject
Project("{FAE04EC0-301F-11D3-BF4B-00C04F79EFBC}") = "Client.Console", "src\Client.Console\Client.Console.csproj", "{1A54E141-A3B1-4E79-8136-9DAD60785456}"
EndProject
Global
	GlobalSection(SolutionConfigurationPlatforms) = preSolution
		Debug|Any CPU = Debug|Any CPU
		Release|Any CPU = Release|Any CPU
	EndGlobalSection
	GlobalSection(SolutionProperties) = preSolution
		HideSolutionNode = FALSE
	EndGlobalSection
	GlobalSection(ProjectConfigurationPlatforms) = postSolution
		{D5B45F8E-2792-4392-A0F7-9F1A0EB3F5D8}.Debug|Any CPU.ActiveCfg = Debug|Any CPU
		{D5B45F8E-2792-4392-A0F7-9F1A0EB3F5D8}.Debug|Any CPU.Build.0 = Debug|Any CPU
		{D5B45F8E-2792-4392-A0F7-9F1A0EB3F5D8}.Release|Any CPU.ActiveCfg = Release|Any CPU
		{D5B45F8E-2792-4392-A0F7-9F1A0EB3F5D8}.Release|Any CPU.Build.0 = Release|Any CPU
		{1A54E141-A3B1-4E79-8136-9DAD60785456}.Debug|Any CPU.ActiveCfg = Debug|Any CPU
		{1A54E141-A3B1-4E79-8136-9DAD60785456}.Debug|Any CPU.Build.0 = Debug|Any CPU
		{1A54E141-A3B1-4E79-8136-9DAD60785456}.Release|Any CPU.ActiveCfg = Release|Any CPU
		{1A54E141-A3B1-4E79-8136-9DAD60785456}.Release|Any CPU.Build.0 = Release|Any CPU
	EndGlobalSection
	GlobalSection(NestedProjects) = preSolution
		{D5B45F8E-2792-4392-A0F7-9F1A0EB3F5D8} = {A73EF2C2-F8A4-4340-9F34-89B2D6F3EFCA}
		{1A54E141-A3B1-4E79-8136-9DAD60785456} = {A73EF2C2-F8A4-4340-9F34-89B2D6F3EFCA}
	EndGlobalSection
EndGlobal
